
Microsoft Visual Studio Solution File, Format Version 12.00
# Visual Studio Version 17
VisualStudioVersion = 17.9.34728.123
MinimumVisualStudioVersion = 10.0.40219.1
Project("{FAE04EC0-301F-11D3-BF4B-00C04F79EFBC}") = "API-1", "API-1.csproj", "{62DFF4C2-2C13-4ACD-82F8-960D74CE8432}"
EndProject
Global
	GlobalSection(SolutionConfigurationPlatforms) = preSolution
		Debug|Any CPU = Debug|Any CPU
		Release|Any CPU = Release|Any CPU
	EndGlobalSection
	GlobalSection(ProjectConfigurationPlatforms) = postSolution
		{62DFF4C2-2C13-4ACD-82F8-960D74CE8432}.Debug|Any CPU.ActiveCfg = Debug|Any CPU
		{62DFF4C2-2C13-4ACD-82F8-960D74CE8432}.Debug|Any CPU.Build.0 = Debug|Any CPU
		{62DFF4C2-2C13-4ACD-82F8-960D74CE8432}.Release|Any CPU.ActiveCfg = Release|Any CPU
		{62DFF4C2-2C13-4ACD-82F8-960D74CE8432}.Release|Any CPU.Build.0 = Release|Any CPU
	EndGlobalSection
	GlobalSection(SolutionProperties) = preSolution
		HideSolutionNode = FALSE
	EndGlobalSection
	GlobalSection(ExtensibilityGlobals) = postSolution
		SolutionGuid = {4B84E482-8666-4FD2-BECA-973E1F82EB30}
	EndGlobalSection
EndGlobal
